// !$*UTF8*$!
{
	archiveVersion = 1;
	classes = {
	};
	objectVersion = 77;
	objects = {

/* Begin PBXBuildFile section */
		0B5PARK1E2FA00002001A018C /* Sparkle in Frameworks */ = {isa = PBXBuildFile; productRef = 0B5PARK1E2FA00001001A018C /* Sparkle */; };
		0BBC7EA42F9AF8E200E3BAEA /* Version.xcconfig in Resources */ = {isa = PBXBuildFile; fileRef = 0BBC7EA32F9AF8E100E3BAEA /* Version.xcconfig */; };
		0BBC7EA72F9AF8F700E3BAEA /* PrivacyInfo.xcprivacy in Resources */ = {isa = PBXBuildFile; fileRef = 0BBC7EA62F9AF8F700E3BAEA /* PrivacyInfo.xcprivacy */; };
/* End PBXBuildFile section */

/* Begin PBXContainerItemProxy section */
		0BF698012F955646001A018C /* PBXContainerItemProxy */ = {
			isa = PBXContainerItemProxy;
			containerPortal = 0BF697E92F955644001A018C /* Project object */;
			proxyType = 1;
			remoteGlobalIDString = 0BF697F02F955644001A018C;
			remoteInfo = keyDrop;
		};
		0BF6980B2F955646001A018C /* PBXContainerItemProxy */ = {
			isa = PBXContainerItemProxy;
			containerPortal = 0BF697E92F955644001A018C /* Project object */;
			proxyType = 1;
			remoteGlobalIDString = 0BF697F02F955644001A018C;
			remoteInfo = keyDrop;
		};
/* End PBXContainerItemProxy section */

/* Begin PBXFileReference section */
		0BBC7EA32F9AF8E100E3BAEA /* Version.xcconfig */ = {isa = PBXFileReference; lastKnownFileType = text.xcconfig; path = Version.xcconfig; sourceTree = "<group>"; };
		0BBC7EA52F9AF8ED00E3BAEA /* keyDrop.entitlements */ = {isa = PBXFileReference; lastKnownFileType = text.plist.entitlements; path = keyDrop.entitlements; sourceTree = "<group>"; };
		0BBC7EA62F9AF8F700E3BAEA /* PrivacyInfo.xcprivacy */ = {isa = PBXFileReference; lastKnownFileType = text.xml; path = PrivacyInfo.xcprivacy; sourceTree = "<group>"; };
		0BF697F12F955644001A018C /* keyDrop.app */ = {isa = PBXFileReference; explicitFileType = wrapper.application; includeInIndex = 0; path = keyDrop.app; sourceTree = BUILT_PRODUCTS_DIR; };
		0BF698002F955646001A018C /* keyDropTests.xctest */ = {isa = PBXFileReference; explicitFileType = wrapper.cfbundle; includeInIndex = 0; path = keyDropTests.xctest; sourceTree = BUILT_PRODUCTS_DIR; };
		0BF6980A2F955646001A018C /* keyDropUITests.xctest */ = {isa = PBXFileReference; explicitFileType = wrapper.cfbundle; includeInIndex = 0; path = keyDropUITests.xctest; sourceTree = BUILT_PRODUCTS_DIR; };
/* End PBXFileReference section */

/* Begin PBXFileSystemSynchronizedBuildFileExceptionSet section */
		0BBC7EA82F9B04C800E3BAEA /* Exceptions for "keyDrop" folder in "keyDrop" target */ = {
			isa = PBXFileSystemSynchronizedBuildFileExceptionSet;
			membershipExceptions = (
				PrivacyInfo.xcprivacy,
			);
			target = 0BF697F02F955644001A018C /* keyDrop */;
		};
/* End PBXFileSystemSynchronizedBuildFileExceptionSet section */

/* Begin PBXFileSystemSynchronizedRootGroup section */
		0BF697F32F955644001A018C /* keyDrop */ = {
			isa = PBXFileSystemSynchronizedRootGroup;
			exceptions = (
				0BBC7EA82F9B04C800E3BAEA /* Exceptions for "keyDrop" folder in "keyDrop" target */,
			);
			path = keyDrop;
			sourceTree = "<group>";
		};
		0BF698032F955646001A018C /* keyDropTests */ = {
			isa = PBXFileSystemSynchronizedRootGroup;
			path = keyDropTests;
			sourceTree = "<group>";
		};
		0BF6980D2F955646001A018C /* keyDropUITests */ = {
			isa = PBXFileSystemSynchronizedRootGroup;
			path = keyDropUITests;
			sourceTree = "<group>";
		};
/* End PBXFileSystemSynchronizedRootGroup section */

/* Begin PBXFrameworksBuildPhase section */
		0BF697EE2F955644001A018C /* Frameworks */ = {
			isa = PBXFrameworksBuildPhase;
			buildActionMask = 2147483647;
			files = (
				0B5PARK1E2FA00002001A018C /* Sparkle in Frameworks */,
			);
			runOnlyForDeploymentPostprocessing = 0;
		};
		0BF697FD2F955646001A018C /* Frameworks */ = {
			isa = PBXFrameworksBuildPhase;
			buildActionMask = 2147483647;
			files = (
			);
			runOnlyForDeploymentPostprocessing = 0;
		};
		0BF698072F955646001A018C /* Frameworks */ = {
			isa = PBXFrameworksBuildPhase;
			buildActionMask = 2147483647;
			files = (
			);
			runOnlyForDeploymentPostprocessing = 0;
		};
/* End PBXFrameworksBuildPhase section */

/* Begin PBXGroup section */
		0BF697E82F955644001A018C = {
			isa = PBXGroup;
			children = (
				0BF697F32F955644001A018C /* keyDrop */,
				0BF698032F955646001A018C /* keyDropTests */,
				0BF6980D2F955646001A018C /* keyDropUITests */,
				0BF697F22F955644001A018C /* Products */,
				0BBC7EA32F9AF8E100E3BAEA /* Version.xcconfig */,
				0BBC7EA52F9AF8ED00E3BAEA /* keyDrop.entitlements */,
				0BBC7EA62F9AF8F700E3BAEA /* PrivacyInfo.xcprivacy */,
			);
			sourceTree = "<group>";
		};
		0BF697F22F955644001A018C /* Products */ = {
			isa = PBXGroup;
			children = (
				0BF697F12F955644001A018C /* keyDrop.app */,
				0BF698002F955646001A018C /* keyDropTests.xctest */,
				0BF6980A2F955646001A018C /* keyDropUITests.xctest */,
			);
			name = Products;
			sourceTree = "<group>";
		};
/* End PBXGroup section */

/* Begin PBXNativeTarget section */
		0BF697F02F955644001A018C /* keyDrop */ = {
			isa = PBXNativeTarget;
			buildConfigurationList = 0BF698142F955646001A018C /* Build configuration list for PBXNativeTarget "keyDrop" */;
			buildPhases = (
				0BF697ED2F955644001A018C /* Sources */,
				0BF697EE2F955644001A018C /* Frameworks */,
				0BF697EF2F955644001A018C /* Resources */,
			);
			buildRules = (
			);
			dependencies = (
			);
			fileSystemSynchronizedGroups = (
				0BF697F32F955644001A018C /* keyDrop */,
			);
			name = keyDrop;
			packageProductDependencies = (
				0B5PARK1E2FA00001001A018C /* Sparkle */,
			);
			productName = keyDrop;
			productReference = 0BF697F12F955644001A018C /* keyDrop.app */;
			productType = "com.apple.product-type.application";
		};
		0BF697FF2F955646001A018C /* keyDropTests */ = {
			isa = PBXNativeTarget;
			buildConfigurationList = 0BF698172F955646001A018C /* Build configuration list for PBXNativeTarget "keyDropTests" */;
			buildPhases = (
				0BF697FC2F955646001A018C /* Sources */,
				0BF697FD2F955646001A018C /* Frameworks */,
				0BF697FE2F955646001A018C /* Resources */,
			);
			buildRules = (
			);
			dependencies = (
				0BF698022F955646001A018C /* PBXTargetDependency */,
			);
			fileSystemSynchronizedGroups = (
				0BF698032F955646001A018C /* keyDropTests */,
			);
			name = keyDropTests;
			packageProductDependencies = (
			);
			productName = keyDropTests;
			productReference = 0BF698002F955646001A018C /* keyDropTests.xctest */;
			productType = "com.apple.product-type.bundle.unit-test";
		};
		0BF698092F955646001A018C /* keyDropUITests */ = {
			isa = PBXNativeTarget;
			buildConfigurationList = 0BF6981A2F955646001A018C /* Build configuration list for PBXNativeTarget "keyDropUITests" */;
			buildPhases = (
				0BF698062F955646001A018C /* Sources */,
				0BF698072F955646001A018C /* Frameworks */,
				0BF698082F955646001A018C /* Resources */,
			);
			buildRules = (
			);
			dependencies = (
				0BF6980C2F955646001A018C /* PBXTargetDependency */,
			);
			fileSystemSynchronizedGroups = (
				0BF6980D2F955646001A018C /* keyDropUITests */,
			);
			name = keyDropUITests;
			packageProductDependencies = (
			);
			productName = keyDropUITests;
			productReference = 0BF6980A2F955646001A018C /* keyDropUITests.xctest */;
			productType = "com.apple.product-type.bundle.ui-testing";
		};
/* End PBXNativeTarget section */

/* Begin PBXProject section */
		0BF697E92F955644001A018C /* Project object */ = {
			isa = PBXProject;
			attributes = {
				BuildIndependentTargetsInParallel = 1;
				LastSwiftUpdateCheck = 2620;
				LastUpgradeCheck = 2620;
				TargetAttributes = {
					0BF697F02F955644001A018C = {
						CreatedOnToolsVersion = 26.2;
					};
					0BF697FF2F955646001A018C = {
						CreatedOnToolsVersion = 26.2;
						TestTargetID = 0BF697F02F955644001A018C;
					};
					0BF698092F955646001A018C = {
						CreatedOnToolsVersion = 26.2;
						TestTargetID = 0BF697F02F955644001A018C;
					};
				};
			};
			buildConfigurationList = 0BF697EC2F955644001A018C /* Build configuration list for PBXProject "keyDrop" */;
			developmentRegion = en;
			hasScannedForEncodings = 0;
			knownRegions = (
				en,
				Base,
			);
			mainGroup = 0BF697E82F955644001A018C;
			minimizedProjectReferenceProxies = 1;
			packageReferences = (
				0B5PARK1E2FA00000001A018C /* XCRemoteSwiftPackageReference "Sparkle" */,
			);
			preferredProjectObjectVersion = 77;
			productRefGroup = 0BF697F22F955644001A018C /* Products */;
			projectDirPath = "";
			projectRoot = "";
			targets = (
				0BF697F02F955644001A018C /* keyDrop */,
				0BF697FF2F955646001A018C /* keyDropTests */,
				0BF698092F955646001A018C /* keyDropUITests */,
			);
		};
/* End PBXProject section */

/* Begin PBXResourcesBuildPhase section */
		0BF697EF2F955644001A018C /* Resources */ = {
			isa = PBXResourcesBuildPhase;
			buildActionMask = 2147483647;
			files = (
				0BBC7EA42F9AF8E200E3BAEA /* Version.xcconfig in Resources */,
				0BBC7EA72F9AF8F700E3BAEA /* PrivacyInfo.xcprivacy in Resources */,
			);
			runOnlyForDeploymentPostprocessing = 0;
		};
		0BF697FE2F955646001A018C /* Resources */ = {
			isa = PBXResourcesBuildPhase;
			buildActionMask = 2147483647;
			files = (
			);
			runOnlyForDeploymentPostprocessing = 0;
		};
		0BF698082F955646001A018C /* Resources */ = {
			isa = PBXResourcesBuildPhase;
			buildActionMask = 2147483647;
			files = (
			);
			runOnlyForDeploymentPostprocessing = 0;
		};
/* End PBXResourcesBuildPhase section */

/* Begin PBXSourcesBuildPhase section */
		0BF697ED2F955644001A018C /* Sources */ = {
			isa = PBXSourcesBuildPhase;
			buildActionMask = 2147483647;
			files = (
			);
			runOnlyForDeploymentPostprocessing = 0;
		};
		0BF697FC2F955646001A018C /* Sources */ = {
			isa = PBXSourcesBuildPhase;
			buildActionMask = 2147483647;
			files = (
			);
			runOnlyForDeploymentPostprocessing = 0;
		};
		0BF698062F955646001A018C /* Sources */ = {
			isa = PBXSourcesBuildPhase;
			buildActionMask = 2147483647;
			files = (
			);
			runOnlyForDeploymentPostprocessing = 0;
		};
/* End PBXSourcesBuildPhase section */

/* Begin PBXTargetDependency section */
		0BF698022F955646001A018C /* PBXTargetDependency */ = {
			isa = PBXTargetDependency;
			target = 0BF697F02F955644001A018C /* keyDrop */;
			targetProxy = 0BF698012F955646001A018C /* PBXContainerItemProxy */;
		};
		0BF6980C2F955646001A018C /* PBXTargetDependency */ = {
			isa = PBXTargetDependency;
			target = 0BF697F02F955644001A018C /* keyDrop */;
			targetProxy = 0BF6980B2F955646001A018C /* PBXContainerItemProxy */;
		};
/* End PBXTargetDependency section */

/* Begin XCBuildConfiguration section */
		0BF698122F955646001A018C /* Debug */ = {
			isa = XCBuildConfiguration;
			baseConfigurationReference = 0BBC7EA32F9AF8E100E3BAEA /* Version.xcconfig */;
			buildSettings = {
				ALWAYS_SEARCH_USER_PATHS = NO;
				ASSETCATALOG_COMPILER_GENERATE_SWIFT_ASSET_SYMBOL_EXTENSIONS = YES;
				CLANG_ANALYZER_NONNULL = YES;
				CLANG_ANALYZER_NUMBER_OBJECT_CONVERSION = YES_AGGRESSIVE;
				CLANG_CXX_LANGUAGE_STANDARD = "gnu++20";
				CLANG_ENABLE_MODULES = YES;
				CLANG_ENABLE_OBJC_ARC = YES;
				CLANG_ENABLE_OBJC_WEAK = YES;
				CLANG_WARN_BLOCK_CAPTURE_AUTORELEASING = YES;
				CLANG_WARN_BOOL_CONVERSION = YES;
				CLANG_WARN_COMMA = YES;
				CLANG_WARN_CONSTANT_CONVERSION = YES;
				CLANG_WARN_DEPRECATED_OBJC_IMPLEMENTATIONS = YES;
				CLANG_WARN_DIRECT_OBJC_ISA_USAGE = YES_ERROR;
				CLANG_WARN_DOCUMENTATION_COMMENTS = YES;
				CLANG_WARN_EMPTY_BODY = YES;
				CLANG_WARN_ENUM_CONVERSION = YES;
				CLANG_WARN_INFINITE_RECURSION = YES;
				CLANG_WARN_INT_CONVERSION = YES;
				CLANG_WARN_NON_LITERAL_NULL_CONVERSION = YES;
				CLANG_WARN_OBJC_IMPLICIT_RETAIN_SELF = YES;
				CLANG_WARN_OBJC_LITERAL_CONVERSION = YES;
				CLANG_WARN_OBJC_ROOT_CLASS = YES_ERROR;
				CLANG_WARN_QUOTED_INCLUDE_IN_FRAMEWORK_HEADER = YES;
				CLANG_WARN_RANGE_LOOP_ANALYSIS = YES;
				CLANG_WARN_STRICT_PROTOTYPES = YES;
				CLANG_WARN_SUSPICIOUS_MOVE = YES;
				CLANG_WARN_UNGUARDED_AVAILABILITY = YES_AGGRESSIVE;
				CLANG_WARN_UNREACHABLE_CODE = YES;
				CLANG_WARN__DUPLICATE_METHOD_MATCH = YES;
				COPY_PHASE_STRIP = NO;
				DEBUG_INFORMATION_FORMAT = dwarf;
				DEVELOPMENT_TEAM = 83698ZGFJP;
				ENABLE_STRICT_OBJC_MSGSEND = YES;
				ENABLE_TESTABILITY = YES;
				ENABLE_USER_SCRIPT_SANDBOXING = YES;
				GCC_C_LANGUAGE_STANDARD = gnu17;
				GCC_DYNAMIC_NO_PIC = NO;
				GCC_NO_COMMON_BLOCKS = YES;
				GCC_OPTIMIZATION_LEVEL = 0;
				GCC_PREPROCESSOR_DEFINITIONS = (
					"DEBUG=1",
					"$(inherited)",
				);
				GCC_WARN_64_TO_32_BIT_CONVERSION = YES;
				GCC_WARN_ABOUT_RETURN_TYPE = YES_ERROR;
				GCC_WARN_UNDECLARED_SELECTOR = YES;
				GCC_WARN_UNINITIALIZED_AUTOS = YES_AGGRESSIVE;
				GCC_WARN_UNUSED_FUNCTION = YES;
				GCC_WARN_UNUSED_VARIABLE = YES;
				LOCALIZATION_PREFERS_STRING_CATALOGS = YES;
				MACOSX_DEPLOYMENT_TARGET = 26.2;
				MTL_ENABLE_DEBUG_INFO = INCLUDE_SOURCE;
				MTL_FAST_MATH = YES;
				ONLY_ACTIVE_ARCH = YES;
				SDKROOT = macosx;
				SWIFT_ACTIVE_COMPILATION_CONDITIONS = "DEBUG $(inherited)";
				SWIFT_OPTIMIZATION_LEVEL = "-Onone";
			};
			name = Debug;
		};
		0BF698132F955646001A018C /* Release */ = {
			isa = XCBuildConfiguration;
			baseConfigurationReference = 0BBC7EA32F9AF8E100E3BAEA /* Version.xcconfig */;
			buildSettings = {
				ALWAYS_SEARCH_USER_PATHS = NO;
				ASSETCATALOG_COMPILER_GENERATE_SWIFT_ASSET_SYMBOL_EXTENSIONS = YES;
				CLANG_ANALYZER_NONNULL = YES;
				CLANG_ANALYZER_NUMBER_OBJECT_CONVERSION = YES_AGGRESSIVE;
				CLANG_CXX_LANGUAGE_STANDARD = "gnu++20";
				CLANG_ENABLE_MODULES = YES;
				CLANG_ENABLE_OBJC_ARC = YES;
				CLANG_ENABLE_OBJC_WEAK = YES;
				CLANG_WARN_BLOCK_CAPTURE_AUTORELEASING = YES;
				CLANG_WARN_BOOL_CONVERSION = YES;
				CLANG_WARN_COMMA = YES;
				CLANG_WARN_CONSTANT_CONVERSION = YES;
				CLANG_WARN_DEPRECATED_OBJC_IMPLEMENTATIONS = YES;
				CLANG_WARN_DIRECT_OBJC_ISA_USAGE = YES_ERROR;
				CLANG_WARN_DOCUMENTATION_COMMENTS = YES;
				CLANG_WARN_EMPTY_BODY = YES;
				CLANG_WARN_ENUM_CONVERSION = YES;
				CLANG_WARN_INFINITE_RECURSION = YES;
				CLANG_WARN_INT_CONVERSION = YES;
				CLANG_WARN_NON_LITERAL_NULL_CONVERSION = YES;
				CLANG_WARN_OBJC_IMPLICIT_RETAIN_SELF = YES;
				CLANG_WARN_OBJC_LITERAL_CONVERSION = YES;
				CLANG_WARN_OBJC_ROOT_CLASS = YES_ERROR;
				CLANG_WARN_QUOTED_INCLUDE_IN_FRAMEWORK_HEADER = YES;
				CLANG_WARN_RANGE_LOOP_ANALYSIS = YES;
				CLANG_WARN_STRICT_PROTOTYPES = YES;
				CLANG_WARN_SUSPICIOUS_MOVE = YES;
				CLANG_WARN_UNGUARDED_AVAILABILITY = YES_AGGRESSIVE;
				CLANG_WARN_UNREACHABLE_CODE = YES;
				CLANG_WARN__DUPLICATE_METHOD_MATCH = YES;
				COPY_PHASE_STRIP = NO;
				DEBUG_INFORMATION_FORMAT = "dwarf-with-dsym";
				DEVELOPMENT_TEAM = 83698ZGFJP;
				ENABLE_NS_ASSERTIONS = NO;
				ENABLE_STRICT_OBJC_MSGSEND = YES;
				ENABLE_USER_SCRIPT_SANDBOXING = YES;
				GCC_C_LANGUAGE_STANDARD = gnu17;
				GCC_NO_COMMON_BLOCKS = YES;
				GCC_WARN_64_TO_32_BIT_CONVERSION = YES;
				GCC_WARN_ABOUT_RETURN_TYPE = YES_ERROR;
				GCC_WARN_UNDECLARED_SELECTOR = YES;
				GCC_WARN_UNINITIALIZED_AUTOS = YES_AGGRESSIVE;
				GCC_WARN_UNUSED_FUNCTION = YES;
				GCC_WARN_UNUSED_VARIABLE = YES;
				LOCALIZATION_PREFERS_STRING_CATALOGS = YES;
				MACOSX_DEPLOYMENT_TARGET = 26.2;
				MTL_ENABLE_DEBUG_INFO = NO;
				MTL_FAST_MATH = YES;
				SDKROOT = macosx;
				SWIFT_COMPILATION_MODE = wholemodule;
			};
			name = Release;
		};
		0BF698152F955646001A018C /* Debug */ = {
			isa = XCBuildConfiguration;
			buildSettings = {
				ASSETCATALOG_COMPILER_APPICON_NAME = AppIcon;
				ASSETCATALOG_COMPILER_GLOBAL_ACCENT_COLOR_NAME = AccentColor;
				CODE_SIGN_ENTITLEMENTS = keyDrop/keyDrop.entitlements;
				CODE_SIGN_STYLE = Automatic;
				COMBINE_HIDPI_IMAGES = YES;
				CURRENT_PROJECT_VERSION = "";
				DEVELOPMENT_TEAM = 83698ZGFJP;
				ENABLE_APP_SANDBOX = YES;
				ENABLE_HARDENED_RUNTIME = YES;
				ENABLE_PREVIEWS = YES;
				ENABLE_USER_SELECTED_FILES = readonly;
				GENERATE_INFOPLIST_FILE = YES;
				INFOPLIST_KEY_LSUIElement = YES;
				INFOPLIST_KEY_NSHumanReadableCopyright = "";
				LD_RUNPATH_SEARCH_PATHS = (
					"$(inherited)",
					"@executable_path/../Frameworks",
				);
				MARKETING_VERSION = "";
				PRODUCT_BUNDLE_IDENTIFIER = com.neurix.keydrop;
				PRODUCT_NAME = "$(TARGET_NAME)";
				REGISTER_APP_GROUPS = YES;
				STRING_CATALOG_GENERATE_SYMBOLS = YES;
				SWIFT_APPROACHABLE_CONCURRENCY = YES;
				SWIFT_DEFAULT_ACTOR_ISOLATION = MainActor;
				SWIFT_EMIT_LOC_STRINGS = YES;
				SWIFT_UPCOMING_FEATURE_MEMBER_IMPORT_VISIBILITY = YES;
				SWIFT_VERSION = 5.0;
			};
			name = Debug;
		};
		0BF698162F955646001A018C /* Release */ = {
			isa = XCBuildConfiguration;
			buildSettings = {
				ASSETCATALOG_COMPILER_APPICON_NAME = AppIcon;
				ASSETCATALOG_COMPILER_GLOBAL_ACCENT_COLOR_NAME = AccentColor;
				CODE_SIGN_ENTITLEMENTS = keyDrop/keyDrop.entitlements;
				COMBINE_HIDPI_IMAGES = YES;
				CURRENT_PROJECT_VERSION = "";
				DEVELOPMENT_TEAM = 83698ZGFJP;
				ENABLE_APP_SANDBOX = YES;
				ENABLE_HARDENED_RUNTIME = YES;
				ENABLE_PREVIEWS = YES;
				ENABLE_USER_SELECTED_FILES = readonly;
				GENERATE_INFOPLIST_FILE = YES;
				INFOPLIST_KEY_LSUIElement = YES;
				INFOPLIST_KEY_NSHumanReadableCopyright = "";
				LD_RUNPATH_SEARCH_PATHS = (
					"$(inherited)",
					"@executable_path/../Frameworks",
				);
				MARKETING_VERSION = "";
				PRODUCT_BUNDLE_IDENTIFIER = com.neurix.keydrop;
				PRODUCT_NAME = "$(TARGET_NAME)";
				REGISTER_APP_GROUPS = YES;
				STRING_CATALOG_GENERATE_SYMBOLS = YES;
				SWIFT_APPROACHABLE_CONCURRENCY = YES;
				SWIFT_DEFAULT_ACTOR_ISOLATION = MainActor;
				SWIFT_EMIT_LOC_STRINGS = YES;
				SWIFT_UPCOMING_FEATURE_MEMBER_IMPORT_VISIBILITY = YES;
				SWIFT_VERSION = 5.0;
			};
			name = Release;
		};
		0BF698182F955646001A018C /* Debug */ = {
			isa = XCBuildConfiguration;
			buildSettings = {
				BUNDLE_LOADER = "$(TEST_HOST)";
				CODE_SIGN_STYLE = Automatic;
				CURRENT_PROJECT_VERSION = 1;
				DEVELOPMENT_TEAM = 83698ZGFJP;
				GENERATE_INFOPLIST_FILE = YES;
				MACOSX_DEPLOYMENT_TARGET = 26.2;
				MARKETING_VERSION = 1.0;
				PRODUCT_BUNDLE_IDENTIFIER = com.neurix.keydropTests;
				PRODUCT_NAME = "$(TARGET_NAME)";
				STRING_CATALOG_GENERATE_SYMBOLS = NO;
				SWIFT_APPROACHABLE_CONCURRENCY = YES;
				SWIFT_EMIT_LOC_STRINGS = NO;
				SWIFT_UPCOMING_FEATURE_MEMBER_IMPORT_VISIBILITY = YES;
				SWIFT_VERSION = 5.0;
				TEST_HOST = "$(BUILT_PRODUCTS_DIR)/keyDrop.app/$(BUNDLE_EXECUTABLE_FOLDER_PATH)/keyDrop";
			};
			name = Debug;
		};
		0BF698192F955646001A018C /* Release */ = {
			isa = XCBuildConfiguration;
			buildSettings = {
				BUNDLE_LOADER = "$(TEST_HOST)";
				CODE_SIGN_STYLE = Automatic;
				CURRENT_PROJECT_VERSION = 1;
				DEVELOPMENT_TEAM = 83698ZGFJP;
				GENERATE_INFOPLIST_FILE = YES;
				MACOSX_DEPLOYMENT_TARGET = 26.2;
				MARKETING_VERSION = 1.0;
				PRODUCT_BUNDLE_IDENTIFIER = com.neurix.keydropTests;
				PRODUCT_NAME = "$(TARGET_NAME)";
				STRING_CATALOG_GENERATE_SYMBOLS = NO;
				SWIFT_APPROACHABLE_CONCURRENCY = YES;
				SWIFT_EMIT_LOC_STRINGS = NO;
				SWIFT_UPCOMING_FEATURE_MEMBER_IMPORT_VISIBILITY = YES;
				SWIFT_VERSION = 5.0;
				TEST_HOST = "$(BUILT_PRODUCTS_DIR)/keyDrop.app/$(BUNDLE_EXECUTABLE_FOLDER_PATH)/keyDrop";
			};
			name = Release;
		};
		0BF6981B2F955646001A018C /* Debug */ = {
			isa = XCBuildConfiguration;
			buildSettings = {
				CODE_SIGN_STYLE = Automatic;
				CURRENT_PROJECT_VERSION = 1;
				DEVELOPMENT_TEAM = 83698ZGFJP;
				GENERATE_INFOPLIST_FILE = YES;
				MARKETING_VERSION = 1.0;
				PRODUCT_BUNDLE_IDENTIFIER = com.neurix.keydropUITests;
				PRODUCT_NAME = "$(TARGET_NAME)";
				STRING_CATALOG_GENERATE_SYMBOLS = NO;
				SWIFT_APPROACHABLE_CONCURRENCY = YES;
				SWIFT_EMIT_LOC_STRINGS = NO;
				SWIFT_UPCOMING_FEATURE_MEMBER_IMPORT_VISIBILITY = YES;
				SWIFT_VERSION = 5.0;
				TEST_TARGET_NAME = keyDrop;
			};
			name = Debug;
		};
		0BF6981C2F955646001A018C /* Release */ = {
			isa = XCBuildConfiguration;
			buildSettings = {
				CODE_SIGN_STYLE = Automatic;
				CURRENT_PROJECT_VERSION = 1;
				DEVELOPMENT_TEAM = 83698ZGFJP;
				GENERATE_INFOPLIST_FILE = YES;
				MARKETING_VERSION = 1.0;
				PRODUCT_BUNDLE_IDENTIFIER = com.neurix.keydropUITests;
				PRODUCT_NAME = "$(TARGET_NAME)";
				STRING_CATALOG_GENERATE_SYMBOLS = NO;
				SWIFT_APPROACHABLE_CONCURRENCY = YES;
				SWIFT_EMIT_LOC_STRINGS = NO;
				SWIFT_UPCOMING_FEATURE_MEMBER_IMPORT_VISIBILITY = YES;
				SWIFT_VERSION = 5.0;
				TEST_TARGET_NAME = keyDrop;
			};
			name = Release;
		};
/* End XCBuildConfiguration section */

/* Begin XCConfigurationList section */
		0BF697EC2F955644001A018C /* Build configuration list for PBXProject "keyDrop" */ = {
			isa = XCConfigurationList;
			buildConfigurations = (
				0BF698122F955646001A018C /* Debug */,
				0BF698132F955646001A018C /* Release */,
			);
			defaultConfigurationIsVisible = 0;
			defaultConfigurationName = Release;
		};
		0BF698142F955646001A018C /* Build configuration list for PBXNativeTarget "keyDrop" */ = {
			isa = XCConfigurationList;
			buildConfigurations = (
				0BF698152F955646001A018C /* Debug */,
				0BF698162F955646001A018C /* Release */,
			);
			defaultConfigurationIsVisible = 0;
			defaultConfigurationName = Release;
		};
		0BF698172F955646001A018C /* Build configuration list for PBXNativeTarget "keyDropTests" */ = {
			isa = XCConfigurationList;
			buildConfigurations = (
				0BF698182F955646001A018C /* Debug */,
				0BF698192F955646001A018C /* Release */,
			);
			defaultConfigurationIsVisible = 0;
			defaultConfigurationName = Release;
		};
		0BF6981A2F955646001A018C /* Build configuration list for PBXNativeTarget "keyDropUITests" */ = {
			isa = XCConfigurationList;
			buildConfigurations = (
				0BF6981B2F955646001A018C /* Debug */,
				0BF6981C2F955646001A018C /* Release */,
			);
			defaultConfigurationIsVisible = 0;
			defaultConfigurationName = Release;
		};
/* End XCConfigurationList section */

/* Begin XCRemoteSwiftPackageReference section */
		0B5PARK1E2FA00000001A018C /* XCRemoteSwiftPackageReference "Sparkle" */ = {
			isa = XCRemoteSwiftPackageReference;
			repositoryURL = "https://github.com/sparkle-project/Sparkle";
			requirement = {
				kind = upToNextMajorVersion;
				minimumVersion = 2.6.4;
			};
		};
/* End XCRemoteSwiftPackageReference section */

/* Begin XCSwiftPackageProductDependency section */
		0B5PARK1E2FA00001001A018C /* Sparkle */ = {
			isa = XCSwiftPackageProductDependency;
			package = 0B5PARK1E2FA00000001A018C /* XCRemoteSwiftPackageReference "Sparkle" */;
			productName = Sparkle;
		};
/* End XCSwiftPackageProductDependency section */
	};
	rootObject = 0BF697E92F955644001A018C /* Project object */;
}
